
Microsoft Visual Studio Solution File, Format Version 12.00
# Visual Studio 15
VisualStudioVersion = 15.0.27428.2043
MinimumVisualStudioVersion = 10.0.40219.1
Project("{FAE04EC0-301F-11D3-BF4B-00C04F79EFBC}") = "FastFileSearch", "FastFileSearch\FastFileSearch.csproj", "{0F39062D-B205-4862-921B-0EC2354281F0}"
EndProject
Project("{FAE04EC0-301F-11D3-BF4B-00C04F79EFBC}") = "FastFileSearch.Samples", "FastFileSearch.Samples\FastFileSearch.Samples.csproj", "{FBA92FFC-4053-4F19-8367-2A4615565F56}"
EndProject
Global
	GlobalSection(SolutionConfigurationPlatforms) = preSolution
		Debug|Any CPU = Debug|Any CPU
		Release|Any CPU = Release|Any CPU
	EndGlobalSection
	GlobalSection(ProjectConfigurationPlatforms) = postSolution
		{0F39062D-B205-4862-921B-0EC2354281F0}.Debug|Any CPU.ActiveCfg = Debug|Any CPU
		{0F39062D-B205-4862-921B-0EC2354281F0}.Debug|Any CPU.Build.0 = Debug|Any CPU
		{0F39062D-B205-4862-921B-0EC2354281F0}.Release|Any CPU.ActiveCfg = Release|Any CPU
		{0F39062D-B205-4862-921B-0EC2354281F0}.Release|Any CPU.Build.0 = Release|Any CPU
		{FBA92FFC-4053-4F19-8367-2A4615565F56}.Debug|Any CPU.ActiveCfg = Debug|Any CPU
		{FBA92FFC-4053-4F19-8367-2A4615565F56}.Debug|Any CPU.Build.0 = Debug|Any CPU
		{FBA92FFC-4053-4F19-8367-2A4615565F56}.Release|Any CPU.ActiveCfg = Release|Any CPU
		{FBA92FFC-4053-4F19-8367-2A4615565F56}.Release|Any CPU.Build.0 = Release|Any CPU
	EndGlobalSection
	GlobalSection(SolutionProperties) = preSolution
		HideSolutionNode = FALSE
	EndGlobalSection
	GlobalSection(ExtensibilityGlobals) = postSolution
		SolutionGuid = {4A1FCD73-A0F2-4EA8-988E-16A5E361625F}
	EndGlobalSection
EndGlobal
